
Microsoft Visual Studio Solution File, Format Version 12.00
# Visual Studio 14
VisualStudioVersion = 14.0.25420.1
MinimumVisualStudioVersion = 10.0.40219.1
Project("{FAE04EC0-301F-11D3-BF4B-00C04F79EFBC}") = "VKapp", "VKapp\VKapp\VKapp.csproj", "{6991BC00-2CE2-477B-BF77-4F63A70E5887}"
EndProject
Project("{FAE04EC0-301F-11D3-BF4B-00C04F79EFBC}") = "VKapp.Droid", "VKapp\VKapp.Droid\VKapp.Droid.csproj", "{6B91DDA6-CEA5-4475-AB59-0EAB9D9440DC}"
EndProject
Project("{FAE04EC0-301F-11D3-BF4B-00C04F79EFBC}") = "VKapp.iOS", "VKapp\VKapp.iOS\VKapp.iOS.csproj", "{D7B1CFBD-4FF0-42DF-BA65-816E08020CA2}"
EndProject
Project("{FAE04EC0-301F-11D3-BF4B-00C04F79EFBC}") = "VKapp.WinPhone", "VKapp\VKapp.WinPhone\VKapp.WinPhone.csproj", "{5DF2B789-F3E3-45F8-A809-43AE11AD44BA}"
EndProject
Project("{FAE04EC0-301F-11D3-BF4B-00C04F79EFBC}") = "VKapp.UWP", "VKapp\VKapp.UWP\VKapp.UWP.csproj", "{2C5938DF-FDA7-48B1-B4CC-A7710D24E21D}"
EndProject
Project("{FAE04EC0-301F-11D3-BF4B-00C04F79EFBC}") = "VKapp.Windows", "VKapp\VKapp.Windows\VKapp.Windows.csproj", "{8755C13F-B553-442C-91A8-E0B5F33B5A0F}"
EndProject
Global
	GlobalSection(SolutionConfigurationPlatforms) = preSolution
		Ad-Hoc|Any CPU = Ad-Hoc|Any CPU
		Ad-Hoc|ARM = Ad-Hoc|ARM
		Ad-Hoc|iPhone = Ad-Hoc|iPhone
		Ad-Hoc|iPhoneSimulator = Ad-Hoc|iPhoneSimulator
		Ad-Hoc|x64 = Ad-Hoc|x64
		Ad-Hoc|x86 = Ad-Hoc|x86
		AppStore|Any CPU = AppStore|Any CPU
		AppStore|ARM = AppStore|ARM
		AppStore|iPhone = AppStore|iPhone
		AppStore|iPhoneSimulator = AppStore|iPhoneSimulator
		AppStore|x64 = AppStore|x64
		AppStore|x86 = AppStore|x86
		Debug|Any CPU = Debug|Any CPU
		Debug|ARM = Debug|ARM
		Debug|iPhone = Debug|iPhone
		Debug|iPhoneSimulator = Debug|iPhoneSimulator
		Debug|x64 = Debug|x64
		Debug|x86 = Debug|x86
		Release|Any CPU = Release|Any CPU
		Release|ARM = Release|ARM
		Release|iPhone = Release|iPhone
		Release|iPhoneSimulator = Release|iPhoneSimulator
		Release|x64 = Release|x64
		Release|x86 = Release|x86
	EndGlobalSection
	GlobalSection(ProjectConfigurationPlatforms) = postSolution
		{6991BC00-2CE2-477B-BF77-4F63A70E5887}.Ad-Hoc|Any CPU.ActiveCfg = Release|Any CPU
		{6991BC00-2CE2-477B-BF77-4F63A70E5887}.Ad-Hoc|Any CPU.Build.0 = Release|Any CPU
		{6991BC00-2CE2-477B-BF77-4F63A70E5887}.Ad-Hoc|ARM.ActiveCfg = Release|Any CPU
		{6991BC00-2CE2-477B-BF77-4F63A70E5887}.Ad-Hoc|ARM.Build.0 = Release|Any CPU
		{6991BC00-2CE2-477B-BF77-4F63A70E5887}.Ad-Hoc|iPhone.ActiveCfg = Release|Any CPU
		{6991BC00-2CE2-477B-BF77-4F63A70E5887}.Ad-Hoc|iPhone.Build.0 = Release|Any CPU
		{6991BC00-2CE2-477B-BF77-4F63A70E5887}.Ad-Hoc|iPhoneSimulator.ActiveCfg = Release|Any CPU
		{6991BC00-2CE2-477B-BF77-4F63A70E5887}.Ad-Hoc|iPhoneSimulator.Build.0 = Release|Any CPU
		{6991BC00-2CE2-477B-BF77-4F63A70E5887}.Ad-Hoc|x64.ActiveCfg = Release|Any CPU
		{6991BC00-2CE2-477B-BF77-4F63A70E5887}.Ad-Hoc|x64.Build.0 = Release|Any CPU
		{6991BC00-2CE2-477B-BF77-4F63A70E5887}.Ad-Hoc|x86.ActiveCfg = Release|Any CPU
		{6991BC00-2CE2-477B-BF77-4F63A70E5887}.Ad-Hoc|x86.Build.0 = Release|Any CPU
		{6991BC00-2CE2-477B-BF77-4F63A70E5887}.AppStore|Any CPU.ActiveCfg = Release|Any CPU
		{6991BC00-2CE2-477B-BF77-4F63A70E5887}.AppStore|Any CPU.Build.0 = Release|Any CPU
		{6991BC00-2CE2-477B-BF77-4F63A70E5887}.AppStore|ARM.ActiveCfg = Release|Any CPU
		{6991BC00-2CE2-477B-BF77-4F63A70E5887}.AppStore|ARM.Build.0 = Release|Any CPU
		{6991BC00-2CE2-477B-BF77-4F63A70E5887}.AppStore|iPhone.ActiveCfg = Release|Any CPU
		{6991BC00-2CE2-477B-BF77-4F63A70E5887}.AppStore|iPhone.Build.0 = Release|Any CPU
		{6991BC00-2CE2-477B-BF77-4F63A70E5887}.AppStore|iPhoneSimulator.ActiveCfg = Release|Any CPU
		{6991BC00-2CE2-477B-BF77-4F63A70E5887}.AppStore|iPhoneSimulator.Build.0 = Release|Any CPU
		{6991BC00-2CE2-477B-BF77-4F63A70E5887}.AppStore|x64.ActiveCfg = Release|Any CPU
		{6991BC00-2CE2-477B-BF77-4F63A70E5887}.AppStore|x64.Build.0 = Release|Any CPU
		{6991BC00-2CE2-477B-BF77-4F63A70E5887}.AppStore|x86.ActiveCfg = Release|Any CPU
		{6991BC00-2CE2-477B-BF77-4F63A70E5887}.AppStore|x86.Build.0 = Release|Any CPU
		{6991BC00-2CE2-477B-BF77-4F63A70E5887}.Debug|Any CPU.ActiveCfg = Debug|Any CPU
		{6991BC00-2CE2-477B-BF77-4F63A70E5887}.Debug|Any CPU.Build.0 = Debug|Any CPU
		{6991BC00-2CE2-477B-BF77-4F63A70E5887}.Debug|ARM.ActiveCfg = Debug|Any CPU
		{6991BC00-2CE2-477B-BF77-4F63A70E5887}.Debug|ARM.Build.0 = Debug|Any CPU
		{6991BC00-2CE2-477B-BF77-4F63A70E5887}.Debug|iPhone.ActiveCfg = Debug|Any CPU
		{6991BC00-2CE2-477B-BF77-4F63A70E5887}.Debug|iPhone.Build.0 = Debug|Any CPU
		{6991BC00-2CE2-477B-BF77-4F63A70E5887}.Debug|iPhoneSimulator.ActiveCfg = Debug|Any CPU
		{6991BC00-2CE2-477B-BF77-4F63A70E5887}.Debug|iPhoneSimulator.Build.0 = Debug|Any CPU
		{6991BC00-2CE2-477B-BF77-4F63A70E5887}.Debug|x64.ActiveCfg = Debug|Any CPU
		{6991BC00-2CE2-477B-BF77-4F63A70E5887}.Debug|x64.Build.0 = Debug|Any CPU
		{6991BC00-2CE2-477B-BF77-4F63A70E5887}.Debug|x86.ActiveCfg = Debug|Any CPU
		{6991BC00-2CE2-477B-BF77-4F63A70E5887}.Debug|x86.Build.0 = Debug|Any CPU
		{6991BC00-2CE2-477B-BF77-4F63A70E5887}.Release|Any CPU.ActiveCfg = Release|Any CPU
		{6991BC00-2CE2-477B-BF77-4F63A70E5887}.Release|Any CPU.Build.0 = Release|Any CPU
		{6991BC00-2CE2-477B-BF77-4F63A70E5887}.Release|ARM.ActiveCfg = Release|Any CPU
		{6991BC00-2CE2-477B-BF77-4F63A70E5887}.Release|ARM.Build.0 = Release|Any CPU
		{6991BC00-2CE2-477B-BF77-4F63A70E5887}.Release|iPhone.ActiveCfg = Release|Any CPU
		{6991BC00-2CE2-477B-BF77-4F63A70E5887}.Release|iPhone.Build.0 = Release|Any CPU
		{6991BC00-2CE2-477B-BF77-4F63A70E5887}.Release|iPhoneSimulator.ActiveCfg = Release|Any CPU
		{6991BC00-2CE2-477B-BF77-4F63A70E5887}.Release|iPhoneSimulator.Build.0 = Release|Any CPU
		{6991BC00-2CE2-477B-BF77-4F63A70E5887}.Release|x64.ActiveCfg = Release|Any CPU
		{6991BC00-2CE2-477B-BF77-4F63A70E5887}.Release|x64.Build.0 = Release|Any CPU
		{6991BC00-2CE2-477B-BF77-4F63A70E5887}.Release|x86.ActiveCfg = Release|Any CPU
		{6991BC00-2CE2-477B-BF77-4F63A70E5887}.Release|x86.Build.0 = Release|Any CPU
		{6B91DDA6-CEA5-4475-AB59-0EAB9D9440DC}.Ad-Hoc|Any CPU.ActiveCfg = Release|Any CPU
		{6B91DDA6-CEA5-4475-AB59-0EAB9D9440DC}.Ad-Hoc|Any CPU.Build.0 = Release|Any CPU
		{6B91DDA6-CEA5-4475-AB59-0EAB9D9440DC}.Ad-Hoc|Any CPU.Deploy.0 = Release|Any CPU
		{6B91DDA6-CEA5-4475-AB59-0EAB9D9440DC}.Ad-Hoc|ARM.ActiveCfg = Release|Any CPU
		{6B91DDA6-CEA5-4475-AB59-0EAB9D9440DC}.Ad-Hoc|ARM.Build.0 = Release|Any CPU
		{6B91DDA6-CEA5-4475-AB59-0EAB9D9440DC}.Ad-Hoc|ARM.Deploy.0 = Release|Any CPU
		{6B91DDA6-CEA5-4475-AB59-0EAB9D9440DC}.Ad-Hoc|iPhone.ActiveCfg = Release|Any CPU
		{6B91DDA6-CEA5-4475-AB59-0EAB9D9440DC}.Ad-Hoc|iPhone.Build.0 = Release|Any CPU
		{6B91DDA6-CEA5-4475-AB59-0EAB9D9440DC}.Ad-Hoc|iPhone.Deploy.0 = Release|Any CPU
		{6B91DDA6-CEA5-4475-AB59-0EAB9D9440DC}.Ad-Hoc|iPhoneSimulator.ActiveCfg = Release|Any CPU
		{6B91DDA6-CEA5-4475-AB59-0EAB9D9440DC}.Ad-Hoc|iPhoneSimulator.Build.0 = Release|Any CPU
		{6B91DDA6-CEA5-4475-AB59-0EAB9D9440DC}.Ad-Hoc|iPhoneSimulator.Deploy.0 = Release|Any CPU
		{6B91DDA6-CEA5-4475-AB59-0EAB9D9440DC}.Ad-Hoc|x64.ActiveCfg = Release|Any CPU
		{6B91DDA6-CEA5-4475-AB59-0EAB9D9440DC}.Ad-Hoc|x64.Build.0 = Release|Any CPU
		{6B91DDA6-CEA5-4475-AB59-0EAB9D9440DC}.Ad-Hoc|x64.Deploy.0 = Release|Any CPU
		{6B91DDA6-CEA5-4475-AB59-0EAB9D9440DC}.Ad-Hoc|x86.ActiveCfg = Release|Any CPU
		{6B91DDA6-CEA5-4475-AB59-0EAB9D9440DC}.Ad-Hoc|x86.Build.0 = Release|Any CPU
		{6B91DDA6-CEA5-4475-AB59-0EAB9D9440DC}.Ad-Hoc|x86.Deploy.0 = Release|Any CPU
		{6B91DDA6-CEA5-4475-AB59-0EAB9D9440DC}.AppStore|Any CPU.ActiveCfg = Release|Any CPU
		{6B91DDA6-CEA5-4475-AB59-0EAB9D9440DC}.AppStore|Any CPU.Build.0 = Release|Any CPU
		{6B91DDA6-CEA5-4475-AB59-0EAB9D9440DC}.AppStore|Any CPU.Deploy.0 = Release|Any CPU
		{6B91DDA6-CEA5-4475-AB59-0EAB9D9440DC}.AppStore|ARM.ActiveCfg = Release|Any CPU
		{6B91DDA6-CEA5-4475-AB59-0EAB9D9440DC}.AppStore|ARM.Build.0 = Release|Any CPU
		{6B91DDA6-CEA5-4475-AB59-0EAB9D9440DC}.AppStore|ARM.Deploy.0 = Release|Any CPU
		{6B91DDA6-CEA5-4475-AB59-0EAB9D9440DC}.AppStore|iPhone.ActiveCfg = Release|Any CPU
		{6B91DDA6-CEA5-4475-AB59-0EAB9D9440DC}.AppStore|iPhone.Build.0 = Release|Any CPU
		{6B91DDA6-CEA5-4475-AB59-0EAB9D9440DC}.AppStore|iPhone.Deploy.0 = Release|Any CPU
		{6B91DDA6-CEA5-4475-AB59-0EAB9D9440DC}.AppStore|iPhoneSimulator.ActiveCfg = Release|Any CPU
		{6B91DDA6-CEA5-4475-AB59-0EAB9D9440DC}.AppStore|iPhoneSimulator.Build.0 = Release|Any CPU
		{6B91DDA6-CEA5-4475-AB59-0EAB9D9440DC}.AppStore|iPhoneSimulator.Deploy.0 = Release|Any CPU
		{6B91DDA6-CEA5-4475-AB59-0EAB9D9440DC}.AppStore|x64.ActiveCfg = Release|Any CPU
		{6B91DDA6-CEA5-4475-AB59-0EAB9D9440DC}.AppStore|x64.Build.0 = Release|Any CPU
		{6B91DDA6-CEA5-4475-AB59-0EAB9D9440DC}.AppStore|x64.Deploy.0 = Release|Any CPU
		{6B91DDA6-CEA5-4475-AB59-0EAB9D9440DC}.AppStore|x86.ActiveCfg = Release|Any CPU
		{6B91DDA6-CEA5-4475-AB59-0EAB9D9440DC}.AppStore|x86.Build.0 = Release|Any CPU
		{6B91DDA6-CEA5-4475-AB59-0EAB9D9440DC}.AppStore|x86.Deploy.0 = Release|Any CPU
		{6B91DDA6-CEA5-4475-AB59-0EAB9D9440DC}.Debug|Any CPU.ActiveCfg = Debug|Any CPU
		{6B91DDA6-CEA5-4475-AB59-0EAB9D9440DC}.Debug|Any CPU.Build.0 = Debug|Any CPU
		{6B91DDA6-CEA5-4475-AB59-0EAB9D9440DC}.Debug|Any CPU.Deploy.0 = Debug|Any CPU
		{6B91DDA6-CEA5-4475-AB59-0EAB9D9440DC}.Debug|ARM.ActiveCfg = Debug|Any CPU
		{6B91DDA6-CEA5-4475-AB59-0EAB9D9440DC}.Debug|ARM.Build.0 = Debug|Any CPU
		{6B91DDA6-CEA5-4475-AB59-0EAB9D9440DC}.Debug|ARM.Deploy.0 = Debug|Any CPU
		{6B91DDA6-CEA5-4475-AB59-0EAB9D9440DC}.Debug|iPhone.ActiveCfg = Debug|Any CPU
		{6B91DDA6-CEA5-4475-AB59-0EAB9D9440DC}.Debug|iPhone.Build.0 = Debug|Any CPU
		{6B91DDA6-CEA5-4475-AB59-0EAB9D9440DC}.Debug|iPhone.Deploy.0 = Debug|Any CPU
		{6B91DDA6-CEA5-4475-AB59-0EAB9D9440DC}.Debug|iPhoneSimulator.ActiveCfg = Debug|Any CPU
		{6B91DDA6-CEA5-4475-AB59-0EAB9D9440DC}.Debug|iPhoneSimulator.Build.0 = Debug|Any CPU
		{6B91DDA6-CEA5-4475-AB59-0EAB9D9440DC}.Debug|iPhoneSimulator.Deploy.0 = Debug|Any CPU
		{6B91DDA6-CEA5-4475-AB59-0EAB9D9440DC}.Debug|x64.ActiveCfg = Debug|Any CPU
		{6B91DDA6-CEA5-4475-AB59-0EAB9D9440DC}.Debug|x64.Build.0 = Debug|Any CPU
		{6B91DDA6-CEA5-4475-AB59-0EAB9D9440DC}.Debug|x64.Deploy.0 = Debug|Any CPU
		{6B91DDA6-CEA5-4475-AB59-0EAB9D9440DC}.Debug|x86.ActiveCfg = Debug|Any CPU
		{6B91DDA6-CEA5-4475-AB59-0EAB9D9440DC}.Debug|x86.Build.0 = Debug|Any CPU
		{6B91DDA6-CEA5-4475-AB59-0EAB9D9440DC}.Debug|x86.Deploy.0 = Debug|Any CPU
		{6B91DDA6-CEA5-4475-AB59-0EAB9D9440DC}.Release|Any CPU.ActiveCfg = Release|Any CPU
		{6B91DDA6-CEA5-4475-AB59-0EAB9D9440DC}.Release|Any CPU.Build.0 = Release|Any CPU
		{6B91DDA6-CEA5-4475-AB59-0EAB9D9440DC}.Release|Any CPU.Deploy.0 = Release|Any CPU
		{6B91DDA6-CEA5-4475-AB59-0EAB9D9440DC}.Release|ARM.ActiveCfg = Release|Any CPU
		{6B91DDA6-CEA5-4475-AB59-0EAB9D9440DC}.Release|ARM.Build.0 = Release|Any CPU
		{6B91DDA6-CEA5-4475-AB59-0EAB9D9440DC}.Release|ARM.Deploy.0 = Release|Any CPU
		{6B91DDA6-CEA5-4475-AB59-0EAB9D9440DC}.Release|iPhone.ActiveCfg = Release|Any CPU
		{6B91DDA6-CEA5-4475-AB59-0EAB9D9440DC}.Release|iPhone.Build.0 = Release|Any CPU
		{6B91DDA6-CEA5-4475-AB59-0EAB9D9440DC}.Release|iPhone.Deploy.0 = Release|Any CPU
		{6B91DDA6-CEA5-4475-AB59-0EAB9D9440DC}.Release|iPhoneSimulator.ActiveCfg = Release|Any CPU
		{6B91DDA6-CEA5-4475-AB59-0EAB9D9440DC}.Release|iPhoneSimulator.Build.0 = Release|Any CPU
		{6B91DDA6-CEA5-4475-AB59-0EAB9D9440DC}.Release|iPhoneSimulator.Deploy.0 = Release|Any CPU
		{6B91DDA6-CEA5-4475-AB59-0EAB9D9440DC}.Release|x64.ActiveCfg = Release|Any CPU
		{6B91DDA6-CEA5-4475-AB59-0EAB9D9440DC}.Release|x64.Build.0 = Release|Any CPU
		{6B91DDA6-CEA5-4475-AB59-0EAB9D9440DC}.Release|x64.Deploy.0 = Release|Any CPU
		{6B91DDA6-CEA5-4475-AB59-0EAB9D9440DC}.Release|x86.ActiveCfg = Release|Any CPU
		{6B91DDA6-CEA5-4475-AB59-0EAB9D9440DC}.Release|x86.Build.0 = Release|Any CPU
		{6B91DDA6-CEA5-4475-AB59-0EAB9D9440DC}.Release|x86.Deploy.0 = Release|Any CPU
		{D7B1CFBD-4FF0-42DF-BA65-816E08020CA2}.Ad-Hoc|Any CPU.ActiveCfg = Ad-Hoc|iPhone
		{D7B1CFBD-4FF0-42DF-BA65-816E08020CA2}.Ad-Hoc|ARM.ActiveCfg = Ad-Hoc|iPhone
		{D7B1CFBD-4FF0-42DF-BA65-816E08020CA2}.Ad-Hoc|iPhone.ActiveCfg = Ad-Hoc|iPhone
		{D7B1CFBD-4FF0-42DF-BA65-816E08020CA2}.Ad-Hoc|iPhone.Build.0 = Ad-Hoc|iPhone
		{D7B1CFBD-4FF0-42DF-BA65-816E08020CA2}.Ad-Hoc|iPhoneSimulator.ActiveCfg = Ad-Hoc|iPhoneSimulator
		{D7B1CFBD-4FF0-42DF-BA65-816E08020CA2}.Ad-Hoc|iPhoneSimulator.Build.0 = Ad-Hoc|iPhoneSimulator
		{D7B1CFBD-4FF0-42DF-BA65-816E08020CA2}.Ad-Hoc|x64.ActiveCfg = Ad-Hoc|iPhone
		{D7B1CFBD-4FF0-42DF-BA65-816E08020CA2}.Ad-Hoc|x86.ActiveCfg = Ad-Hoc|iPhone
		{D7B1CFBD-4FF0-42DF-BA65-816E08020CA2}.AppStore|Any CPU.ActiveCfg = AppStore|iPhone
		{D7B1CFBD-4FF0-42DF-BA65-816E08020CA2}.AppStore|ARM.ActiveCfg = AppStore|iPhone
		{D7B1CFBD-4FF0-42DF-BA65-816E08020CA2}.AppStore|iPhone.ActiveCfg = AppStore|iPhone
		{D7B1CFBD-4FF0-42DF-BA65-816E08020CA2}.AppStore|iPhone.Build.0 = AppStore|iPhone
		{D7B1CFBD-4FF0-42DF-BA65-816E08020CA2}.AppStore|iPhoneSimulator.ActiveCfg = AppStore|iPhoneSimulator
		{D7B1CFBD-4FF0-42DF-BA65-816E08020CA2}.AppStore|iPhoneSimulator.Build.0 = AppStore|iPhoneSimulator
		{D7B1CFBD-4FF0-42DF-BA65-816E08020CA2}.AppStore|x64.ActiveCfg = AppStore|iPhone
		{D7B1CFBD-4FF0-42DF-BA65-816E08020CA2}.AppStore|x86.ActiveCfg = AppStore|iPhone
		{D7B1CFBD-4FF0-42DF-BA65-816E08020CA2}.Debug|Any CPU.ActiveCfg = Debug|iPhone
		{D7B1CFBD-4FF0-42DF-BA65-816E08020CA2}.Debug|ARM.ActiveCfg = Debug|iPhone
		{D7B1CFBD-4FF0-42DF-BA65-816E08020CA2}.Debug|iPhone.ActiveCfg = Debug|iPhone
		{D7B1CFBD-4FF0-42DF-BA65-816E08020CA2}.Debug|iPhone.Build.0 = Debug|iPhone
		{D7B1CFBD-4FF0-42DF-BA65-816E08020CA2}.Debug|iPhoneSimulator.ActiveCfg = Debug|iPhoneSimulator
		{D7B1CFBD-4FF0-42DF-BA65-816E08020CA2}.Debug|iPhoneSimulator.Build.0 = Debug|iPhoneSimulator
		{D7B1CFBD-4FF0-42DF-BA65-816E08020CA2}.Debug|x64.ActiveCfg = Debug|iPhone
		{D7B1CFBD-4FF0-42DF-BA65-816E08020CA2}.Debug|x86.ActiveCfg = Debug|iPhone
		{D7B1CFBD-4FF0-42DF-BA65-816E08020CA2}.Release|Any CPU.ActiveCfg = Release|iPhone
		{D7B1CFBD-4FF0-42DF-BA65-816E08020CA2}.Release|ARM.ActiveCfg = Release|iPhone
		{D7B1CFBD-4FF0-42DF-BA65-816E08020CA2}.Release|iPhone.ActiveCfg = Release|iPhone
		{D7B1CFBD-4FF0-42DF-BA65-816E08020CA2}.Release|iPhone.Build.0 = Release|iPhone
		{D7B1CFBD-4FF0-42DF-BA65-816E08020CA2}.Release|iPhoneSimulator.ActiveCfg = Release|iPhoneSimulator
		{D7B1CFBD-4FF0-42DF-BA65-816E08020CA2}.Release|iPhoneSimulator.Build.0 = Release|iPhoneSimulator
		{D7B1CFBD-4FF0-42DF-BA65-816E08020CA2}.Release|x64.ActiveCfg = Release|iPhone
		{D7B1CFBD-4FF0-42DF-BA65-816E08020CA2}.Release|x86.ActiveCfg = Release|iPhone
		{5DF2B789-F3E3-45F8-A809-43AE11AD44BA}.Ad-Hoc|Any CPU.ActiveCfg = Release|Any CPU
		{5DF2B789-F3E3-45F8-A809-43AE11AD44BA}.Ad-Hoc|Any CPU.Build.0 = Release|Any CPU
		{5DF2B789-F3E3-45F8-A809-43AE11AD44BA}.Ad-Hoc|Any CPU.Deploy.0 = Release|Any CPU
		{5DF2B789-F3E3-45F8-A809-43AE11AD44BA}.Ad-Hoc|ARM.ActiveCfg = Release|ARM
		{5DF2B789-F3E3-45F8-A809-43AE11AD44BA}.Ad-Hoc|ARM.Build.0 = Release|ARM
		{5DF2B789-F3E3-45F8-A809-43AE11AD44BA}.Ad-Hoc|ARM.Deploy.0 = Release|ARM
		{5DF2B789-F3E3-45F8-A809-43AE11AD44BA}.Ad-Hoc|iPhone.ActiveCfg = Release|Any CPU
		{5DF2B789-F3E3-45F8-A809-43AE11AD44BA}.Ad-Hoc|iPhone.Build.0 = Release|Any CPU
		{5DF2B789-F3E3-45F8-A809-43AE11AD44BA}.Ad-Hoc|iPhone.Deploy.0 = Release|Any CPU
		{5DF2B789-F3E3-45F8-A809-43AE11AD44BA}.Ad-Hoc|iPhoneSimulator.ActiveCfg = Release|Any CPU
		{5DF2B789-F3E3-45F8-A809-43AE11AD44BA}.Ad-Hoc|iPhoneSimulator.Build.0 = Release|Any CPU
		{5DF2B789-F3E3-45F8-A809-43AE11AD44BA}.Ad-Hoc|iPhoneSimulator.Deploy.0 = Release|Any CPU
		{5DF2B789-F3E3-45F8-A809-43AE11AD44BA}.Ad-Hoc|x64.ActiveCfg = Release|Any CPU
		{5DF2B789-F3E3-45F8-A809-43AE11AD44BA}.Ad-Hoc|x64.Build.0 = Release|Any CPU
		{5DF2B789-F3E3-45F8-A809-43AE11AD44BA}.Ad-Hoc|x64.Deploy.0 = Release|Any CPU
		{5DF2B789-F3E3-45F8-A809-43AE11AD44BA}.Ad-Hoc|x86.ActiveCfg = Release|x86
		{5DF2B789-F3E3-45F8-A809-43AE11AD44BA}.Ad-Hoc|x86.Build.0 = Release|x86
		{5DF2B789-F3E3-45F8-A809-43AE11AD44BA}.Ad-Hoc|x86.Deploy.0 = Release|x86
		{5DF2B789-F3E3-45F8-A809-43AE11AD44BA}.AppStore|Any CPU.ActiveCfg = Release|Any CPU
		{5DF2B789-F3E3-45F8-A809-43AE11AD44BA}.AppStore|Any CPU.Build.0 = Release|Any CPU
		{5DF2B789-F3E3-45F8-A809-43AE11AD44BA}.AppStore|Any CPU.Deploy.0 = Release|Any CPU
		{5DF2B789-F3E3-45F8-A809-43AE11AD44BA}.AppStore|ARM.ActiveCfg = Release|ARM
		{5DF2B789-F3E3-45F8-A809-43AE11AD44BA}.AppStore|ARM.Build.0 = Release|ARM
		{5DF2B789-F3E3-45F8-A809-43AE11AD44BA}.AppStore|ARM.Deploy.0 = Release|ARM
		{5DF2B789-F3E3-45F8-A809-43AE11AD44BA}.AppStore|iPhone.ActiveCfg = Release|Any CPU
		{5DF2B789-F3E3-45F8-A809-43AE11AD44BA}.AppStore|iPhone.Build.0 = Release|Any CPU
		{5DF2B789-F3E3-45F8-A809-43AE11AD44BA}.AppStore|iPhone.Deploy.0 = Release|Any CPU
		{5DF2B789-F3E3-45F8-A809-43AE11AD44BA}.AppStore|iPhoneSimulator.ActiveCfg = Release|Any CPU
		{5DF2B789-F3E3-45F8-A809-43AE11AD44BA}.AppStore|iPhoneSimulator.Build.0 = Release|Any CPU
		{5DF2B789-F3E3-45F8-A809-43AE11AD44BA}.AppStore|iPhoneSimulator.Deploy.0 = Release|Any CPU
		{5DF2B789-F3E3-45F8-A809-43AE11AD44BA}.AppStore|x64.ActiveCfg = Release|Any CPU
		{5DF2B789-F3E3-45F8-A809-43AE11AD44BA}.AppStore|x64.Build.0 = Release|Any CPU
		{5DF2B789-F3E3-45F8-A809-43AE11AD44BA}.AppStore|x64.Deploy.0 = Release|Any CPU
		{5DF2B789-F3E3-45F8-A809-43AE11AD44BA}.AppStore|x86.ActiveCfg = Release|x86
		{5DF2B789-F3E3-45F8-A809-43AE11AD44BA}.AppStore|x86.Build.0 = Release|x86
		{5DF2B789-F3E3-45F8-A809-43AE11AD44BA}.AppStore|x86.Deploy.0 = Release|x86
		{5DF2B789-F3E3-45F8-A809-43AE11AD44BA}.Debug|Any CPU.ActiveCfg = Debug|Any CPU
		{5DF2B789-F3E3-45F8-A809-43AE11AD44BA}.Debug|Any CPU.Build.0 = Debug|Any CPU
		{5DF2B789-F3E3-45F8-A809-43AE11AD44BA}.Debug|Any CPU.Deploy.0 = Debug|Any CPU
		{5DF2B789-F3E3-45F8-A809-43AE11AD44BA}.Debug|ARM.ActiveCfg = Debug|ARM
		{5DF2B789-F3E3-45F8-A809-43AE11AD44BA}.Debug|ARM.Build.0 = Debug|ARM
		{5DF2B789-F3E3-45F8-A809-43AE11AD44BA}.Debug|ARM.Deploy.0 = Debug|ARM
		{5DF2B789-F3E3-45F8-A809-43AE11AD44BA}.Debug|iPhone.ActiveCfg = Debug|Any CPU
		{5DF2B789-F3E3-45F8-A809-43AE11AD44BA}.Debug|iPhone.Build.0 = Debug|Any CPU
		{5DF2B789-F3E3-45F8-A809-43AE11AD44BA}.Debug|iPhone.Deploy.0 = Debug|Any CPU
		{5DF2B789-F3E3-45F8-A809-43AE11AD44BA}.Debug|iPhoneSimulator.ActiveCfg = Debug|Any CPU
		{5DF2B789-F3E3-45F8-A809-43AE11AD44BA}.Debug|iPhoneSimulator.Build.0 = Debug|Any CPU
		{5DF2B789-F3E3-45F8-A809-43AE11AD44BA}.Debug|iPhoneSimulator.Deploy.0 = Debug|Any CPU
		{5DF2B789-F3E3-45F8-A809-43AE11AD44BA}.Debug|x64.ActiveCfg = Debug|Any CPU
		{5DF2B789-F3E3-45F8-A809-43AE11AD44BA}.Debug|x64.Build.0 = Debug|Any CPU
		{5DF2B789-F3E3-45F8-A809-43AE11AD44BA}.Debug|x64.Deploy.0 = Debug|Any CPU
		{5DF2B789-F3E3-45F8-A809-43AE11AD44BA}.Debug|x86.ActiveCfg = Debug|x86
		{5DF2B789-F3E3-45F8-A809-43AE11AD44BA}.Debug|x86.Build.0 = Debug|x86
		{5DF2B789-F3E3-45F8-A809-43AE11AD44BA}.Debug|x86.Deploy.0 = Debug|x86
		{5DF2B789-F3E3-45F8-A809-43AE11AD44BA}.Release|Any CPU.ActiveCfg = Release|Any CPU
		{5DF2B789-F3E3-45F8-A809-43AE11AD44BA}.Release|Any CPU.Build.0 = Release|Any CPU
		{5DF2B789-F3E3-45F8-A809-43AE11AD44BA}.Release|Any CPU.Deploy.0 = Release|Any CPU
		{5DF2B789-F3E3-45F8-A809-43AE11AD44BA}.Release|ARM.ActiveCfg = Release|ARM
		{5DF2B789-F3E3-45F8-A809-43AE11AD44BA}.Release|ARM.Build.0 = Release|ARM
		{5DF2B789-F3E3-45F8-A809-43AE11AD44BA}.Release|ARM.Deploy.0 = Release|ARM
		{5DF2B789-F3E3-45F8-A809-43AE11AD44BA}.Release|iPhone.ActiveCfg = Release|Any CPU
		{5DF2B789-F3E3-45F8-A809-43AE11AD44BA}.Release|iPhone.Build.0 = Release|Any CPU
		{5DF2B789-F3E3-45F8-A809-43AE11AD44BA}.Release|iPhone.Deploy.0 = Release|Any CPU
		{5DF2B789-F3E3-45F8-A809-43AE11AD44BA}.Release|iPhoneSimulator.ActiveCfg = Release|Any CPU
		{5DF2B789-F3E3-45F8-A809-43AE11AD44BA}.Release|iPhoneSimulator.Build.0 = Release|Any CPU
		{5DF2B789-F3E3-45F8-A809-43AE11AD44BA}.Release|iPhoneSimulator.Deploy.0 = Release|Any CPU
		{5DF2B789-F3E3-45F8-A809-43AE11AD44BA}.Release|x64.ActiveCfg = Release|Any CPU
		{5DF2B789-F3E3-45F8-A809-43AE11AD44BA}.Release|x64.Build.0 = Release|Any CPU
		{5DF2B789-F3E3-45F8-A809-43AE11AD44BA}.Release|x64.Deploy.0 = Release|Any CPU
		{5DF2B789-F3E3-45F8-A809-43AE11AD44BA}.Release|x86.ActiveCfg = Release|x86
		{5DF2B789-F3E3-45F8-A809-43AE11AD44BA}.Release|x86.Build.0 = Release|x86
		{5DF2B789-F3E3-45F8-A809-43AE11AD44BA}.Release|x86.Deploy.0 = Release|x86
		{2C5938DF-FDA7-48B1-B4CC-A7710D24E21D}.Ad-Hoc|Any CPU.ActiveCfg = Release|x86
		{2C5938DF-FDA7-48B1-B4CC-A7710D24E21D}.Ad-Hoc|Any CPU.Build.0 = Release|x86
		{2C5938DF-FDA7-48B1-B4CC-A7710D24E21D}.Ad-Hoc|Any CPU.Deploy.0 = Release|x86
		{2C5938DF-FDA7-48B1-B4CC-A7710D24E21D}.Ad-Hoc|ARM.ActiveCfg = Release|ARM
		{2C5938DF-FDA7-48B1-B4CC-A7710D24E21D}.Ad-Hoc|ARM.Build.0 = Release|ARM
		{2C5938DF-FDA7-48B1-B4CC-A7710D24E21D}.Ad-Hoc|ARM.Deploy.0 = Release|ARM
		{2C5938DF-FDA7-48B1-B4CC-A7710D24E21D}.Ad-Hoc|iPhone.ActiveCfg = Release|x86
		{2C5938DF-FDA7-48B1-B4CC-A7710D24E21D}.Ad-Hoc|iPhone.Build.0 = Release|x86
		{2C5938DF-FDA7-48B1-B4CC-A7710D24E21D}.Ad-Hoc|iPhone.Deploy.0 = Release|x86
		{2C5938DF-FDA7-48B1-B4CC-A7710D24E21D}.Ad-Hoc|iPhoneSimulator.ActiveCfg = Release|x86
		{2C5938DF-FDA7-48B1-B4CC-A7710D24E21D}.Ad-Hoc|iPhoneSimulator.Build.0 = Release|x86
		{2C5938DF-FDA7-48B1-B4CC-A7710D24E21D}.Ad-Hoc|iPhoneSimulator.Deploy.0 = Release|x86
		{2C5938DF-FDA7-48B1-B4CC-A7710D24E21D}.Ad-Hoc|x64.ActiveCfg = Release|x64
		{2C5938DF-FDA7-48B1-B4CC-A7710D24E21D}.Ad-Hoc|x64.Build.0 = Release|x64
		{2C5938DF-FDA7-48B1-B4CC-A7710D24E21D}.Ad-Hoc|x64.Deploy.0 = Release|x64
		{2C5938DF-FDA7-48B1-B4CC-A7710D24E21D}.Ad-Hoc|x86.ActiveCfg = Release|x86
		{2C5938DF-FDA7-48B1-B4CC-A7710D24E21D}.Ad-Hoc|x86.Build.0 = Release|x86
		{2C5938DF-FDA7-48B1-B4CC-A7710D24E21D}.Ad-Hoc|x86.Deploy.0 = Release|x86
		{2C5938DF-FDA7-48B1-B4CC-A7710D24E21D}.AppStore|Any CPU.ActiveCfg = Release|x86
		{2C5938DF-FDA7-48B1-B4CC-A7710D24E21D}.AppStore|Any CPU.Build.0 = Release|x86
		{2C5938DF-FDA7-48B1-B4CC-A7710D24E21D}.AppStore|Any CPU.Deploy.0 = Release|x86
		{2C5938DF-FDA7-48B1-B4CC-A7710D24E21D}.AppStore|ARM.ActiveCfg = Release|ARM
		{2C5938DF-FDA7-48B1-B4CC-A7710D24E21D}.AppStore|ARM.Build.0 = Release|ARM
		{2C5938DF-FDA7-48B1-B4CC-A7710D24E21D}.AppStore|ARM.Deploy.0 = Release|ARM
		{2C5938DF-FDA7-48B1-B4CC-A7710D24E21D}.AppStore|iPhone.ActiveCfg = Release|x86
		{2C5938DF-FDA7-48B1-B4CC-A7710D24E21D}.AppStore|iPhone.Build.0 = Release|x86
		{2C5938DF-FDA7-48B1-B4CC-A7710D24E21D}.AppStore|iPhone.Deploy.0 = Release|x86
		{2C5938DF-FDA7-48B1-B4CC-A7710D24E21D}.AppStore|iPhoneSimulator.ActiveCfg = Release|x86
		{2C5938DF-FDA7-48B1-B4CC-A7710D24E21D}.AppStore|iPhoneSimulator.Build.0 = Release|x86
		{2C5938DF-FDA7-48B1-B4CC-A7710D24E21D}.AppStore|iPhoneSimulator.Deploy.0 = Release|x86
		{2C5938DF-FDA7-48B1-B4CC-A7710D24E21D}.AppStore|x64.ActiveCfg = Release|x64
		{2C5938DF-FDA7-48B1-B4CC-A7710D24E21D}.AppStore|x64.Build.0 = Release|x64
		{2C5938DF-FDA7-48B1-B4CC-A7710D24E21D}.AppStore|x64.Deploy.0 = Release|x64
		{2C5938DF-FDA7-48B1-B4CC-A7710D24E21D}.AppStore|x86.ActiveCfg = Release|x86
		{2C5938DF-FDA7-48B1-B4CC-A7710D24E21D}.AppStore|x86.Build.0 = Release|x86
		{2C5938DF-FDA7-48B1-B4CC-A7710D24E21D}.AppStore|x86.Deploy.0 = Release|x86
		{2C5938DF-FDA7-48B1-B4CC-A7710D24E21D}.Debug|Any CPU.ActiveCfg = Debug|x86
		{2C5938DF-FDA7-48B1-B4CC-A7710D24E21D}.Debug|ARM.ActiveCfg = Debug|ARM
		{2C5938DF-FDA7-48B1-B4CC-A7710D24E21D}.Debug|ARM.Build.0 = Debug|ARM
		{2C5938DF-FDA7-48B1-B4CC-A7710D24E21D}.Debug|ARM.Deploy.0 = Debug|ARM
		{2C5938DF-FDA7-48B1-B4CC-A7710D24E21D}.Debug|iPhone.ActiveCfg = Debug|x86
		{2C5938DF-FDA7-48B1-B4CC-A7710D24E21D}.Debug|iPhoneSimulator.ActiveCfg = Debug|x86
		{2C5938DF-FDA7-48B1-B4CC-A7710D24E21D}.Debug|x64.ActiveCfg = Debug|x64
		{2C5938DF-FDA7-48B1-B4CC-A7710D24E21D}.Debug|x64.Build.0 = Debug|x64
		{2C5938DF-FDA7-48B1-B4CC-A7710D24E21D}.Debug|x64.Deploy.0 = Debug|x64
		{2C5938DF-FDA7-48B1-B4CC-A7710D24E21D}.Debug|x86.ActiveCfg = Debug|x86
		{2C5938DF-FDA7-48B1-B4CC-A7710D24E21D}.Debug|x86.Build.0 = Debug|x86
		{2C5938DF-FDA7-48B1-B4CC-A7710D24E21D}.Debug|x86.Deploy.0 = Debug|x86
		{2C5938DF-FDA7-48B1-B4CC-A7710D24E21D}.Release|Any CPU.ActiveCfg = Release|x86
		{2C5938DF-FDA7-48B1-B4CC-A7710D24E21D}.Release|ARM.ActiveCfg = Release|ARM
		{2C5938DF-FDA7-48B1-B4CC-A7710D24E21D}.Release|ARM.Build.0 = Release|ARM
		{2C5938DF-FDA7-48B1-B4CC-A7710D24E21D}.Release|ARM.Deploy.0 = Release|ARM
		{2C5938DF-FDA7-48B1-B4CC-A7710D24E21D}.Release|iPhone.ActiveCfg = Release|x86
		{2C5938DF-FDA7-48B1-B4CC-A7710D24E21D}.Release|iPhoneSimulator.ActiveCfg = Release|x86
		{2C5938DF-FDA7-48B1-B4CC-A7710D24E21D}.Release|x64.ActiveCfg = Release|x64
		{2C5938DF-FDA7-48B1-B4CC-A7710D24E21D}.Release|x64.Build.0 = Release|x64
		{2C5938DF-FDA7-48B1-B4CC-A7710D24E21D}.Release|x64.Deploy.0 = Release|x64
		{2C5938DF-FDA7-48B1-B4CC-A7710D24E21D}.Release|x86.ActiveCfg = Release|x86
		{2C5938DF-FDA7-48B1-B4CC-A7710D24E21D}.Release|x86.Build.0 = Release|x86
		{2C5938DF-FDA7-48B1-B4CC-A7710D24E21D}.Release|x86.Deploy.0 = Release|x86
		{8755C13F-B553-442C-91A8-E0B5F33B5A0F}.Ad-Hoc|Any CPU.ActiveCfg = Release|Any CPU
		{8755C13F-B553-442C-91A8-E0B5F33B5A0F}.Ad-Hoc|Any CPU.Build.0 = Release|Any CPU
		{8755C13F-B553-442C-91A8-E0B5F33B5A0F}.Ad-Hoc|Any CPU.Deploy.0 = Release|Any CPU
		{8755C13F-B553-442C-91A8-E0B5F33B5A0F}.Ad-Hoc|ARM.ActiveCfg = Release|ARM
		{8755C13F-B553-442C-91A8-E0B5F33B5A0F}.Ad-Hoc|ARM.Build.0 = Release|ARM
		{8755C13F-B553-442C-91A8-E0B5F33B5A0F}.Ad-Hoc|ARM.Deploy.0 = Release|ARM
		{8755C13F-B553-442C-91A8-E0B5F33B5A0F}.Ad-Hoc|iPhone.ActiveCfg = Release|Any CPU
		{8755C13F-B553-442C-91A8-E0B5F33B5A0F}.Ad-Hoc|iPhone.Build.0 = Release|Any CPU
		{8755C13F-B553-442C-91A8-E0B5F33B5A0F}.Ad-Hoc|iPhone.Deploy.0 = Release|Any CPU
		{8755C13F-B553-442C-91A8-E0B5F33B5A0F}.Ad-Hoc|iPhoneSimulator.ActiveCfg = Release|Any CPU
		{8755C13F-B553-442C-91A8-E0B5F33B5A0F}.Ad-Hoc|iPhoneSimulator.Build.0 = Release|Any CPU
		{8755C13F-B553-442C-91A8-E0B5F33B5A0F}.Ad-Hoc|iPhoneSimulator.Deploy.0 = Release|Any CPU
		{8755C13F-B553-442C-91A8-E0B5F33B5A0F}.Ad-Hoc|x64.ActiveCfg = Release|x64
		{8755C13F-B553-442C-91A8-E0B5F33B5A0F}.Ad-Hoc|x64.Build.0 = Release|x64
		{8755C13F-B553-442C-91A8-E0B5F33B5A0F}.Ad-Hoc|x64.Deploy.0 = Release|x64
		{8755C13F-B553-442C-91A8-E0B5F33B5A0F}.Ad-Hoc|x86.ActiveCfg = Release|x86
		{8755C13F-B553-442C-91A8-E0B5F33B5A0F}.Ad-Hoc|x86.Build.0 = Release|x86
		{8755C13F-B553-442C-91A8-E0B5F33B5A0F}.Ad-Hoc|x86.Deploy.0 = Release|x86
		{8755C13F-B553-442C-91A8-E0B5F33B5A0F}.AppStore|Any CPU.ActiveCfg = Release|Any CPU
		{8755C13F-B553-442C-91A8-E0B5F33B5A0F}.AppStore|Any CPU.Build.0 = Release|Any CPU
		{8755C13F-B553-442C-91A8-E0B5F33B5A0F}.AppStore|Any CPU.Deploy.0 = Release|Any CPU
		{8755C13F-B553-442C-91A8-E0B5F33B5A0F}.AppStore|ARM.ActiveCfg = Release|ARM
		{8755C13F-B553-442C-91A8-E0B5F33B5A0F}.AppStore|ARM.Build.0 = Release|ARM
		{8755C13F-B553-442C-91A8-E0B5F33B5A0F}.AppStore|ARM.Deploy.0 = Release|ARM
		{8755C13F-B553-442C-91A8-E0B5F33B5A0F}.AppStore|iPhone.ActiveCfg = Release|Any CPU
		{8755C13F-B553-442C-91A8-E0B5F33B5A0F}.AppStore|iPhone.Build.0 = Release|Any CPU
		{8755C13F-B553-442C-91A8-E0B5F33B5A0F}.AppStore|iPhone.Deploy.0 = Release|Any CPU
		{8755C13F-B553-442C-91A8-E0B5F33B5A0F}.AppStore|iPhoneSimulator.ActiveCfg = Release|Any CPU
		{8755C13F-B553-442C-91A8-E0B5F33B5A0F}.AppStore|iPhoneSimulator.Build.0 = Release|Any CPU
		{8755C13F-B553-442C-91A8-E0B5F33B5A0F}.AppStore|iPhoneSimulator.Deploy.0 = Release|Any CPU
		{8755C13F-B553-442C-91A8-E0B5F33B5A0F}.AppStore|x64.ActiveCfg = Release|x64
		{8755C13F-B553-442C-91A8-E0B5F33B5A0F}.AppStore|x64.Build.0 = Release|x64
		{8755C13F-B553-442C-91A8-E0B5F33B5A0F}.AppStore|x64.Deploy.0 = Release|x64
		{8755C13F-B553-442C-91A8-E0B5F33B5A0F}.AppStore|x86.ActiveCfg = Release|x86
		{8755C13F-B553-442C-91A8-E0B5F33B5A0F}.AppStore|x86.Build.0 = Release|x86
		{8755C13F-B553-442C-91A8-E0B5F33B5A0F}.AppStore|x86.Deploy.0 = Release|x86
		{8755C13F-B553-442C-91A8-E0B5F33B5A0F}.Debug|Any CPU.ActiveCfg = Debug|Any CPU
		{8755C13F-B553-442C-91A8-E0B5F33B5A0F}.Debug|Any CPU.Build.0 = Debug|Any CPU
		{8755C13F-B553-442C-91A8-E0B5F33B5A0F}.Debug|Any CPU.Deploy.0 = Debug|Any CPU
		{8755C13F-B553-442C-91A8-E0B5F33B5A0F}.Debug|ARM.ActiveCfg = Debug|ARM
		{8755C13F-B553-442C-91A8-E0B5F33B5A0F}.Debug|ARM.Build.0 = Debug|ARM
		{8755C13F-B553-442C-91A8-E0B5F33B5A0F}.Debug|ARM.Deploy.0 = Debug|ARM
		{8755C13F-B553-442C-91A8-E0B5F33B5A0F}.Debug|iPhone.ActiveCfg = Debug|Any CPU
		{8755C13F-B553-442C-91A8-E0B5F33B5A0F}.Debug|iPhone.Build.0 = Debug|Any CPU
		{8755C13F-B553-442C-91A8-E0B5F33B5A0F}.Debug|iPhone.Deploy.0 = Debug|Any CPU
		{8755C13F-B553-442C-91A8-E0B5F33B5A0F}.Debug|iPhoneSimulator.ActiveCfg = Debug|Any CPU
		{8755C13F-B553-442C-91A8-E0B5F33B5A0F}.Debug|iPhoneSimulator.Build.0 = Debug|Any CPU
		{8755C13F-B553-442C-91A8-E0B5F33B5A0F}.Debug|iPhoneSimulator.Deploy.0 = Debug|Any CPU
		{8755C13F-B553-442C-91A8-E0B5F33B5A0F}.Debug|x64.ActiveCfg = Debug|x64
		{8755C13F-B553-442C-91A8-E0B5F33B5A0F}.Debug|x64.Build.0 = Debug|x64
		{8755C13F-B553-442C-91A8-E0B5F33B5A0F}.Debug|x64.Deploy.0 = Debug|x64
		{8755C13F-B553-442C-91A8-E0B5F33B5A0F}.Debug|x86.ActiveCfg = Debug|x86
		{8755C13F-B553-442C-91A8-E0B5F33B5A0F}.Debug|x86.Build.0 = Debug|x86
		{8755C13F-B553-442C-91A8-E0B5F33B5A0F}.Debug|x86.Deploy.0 = Debug|x86
		{8755C13F-B553-442C-91A8-E0B5F33B5A0F}.Release|Any CPU.ActiveCfg = Release|Any CPU
		{8755C13F-B553-442C-91A8-E0B5F33B5A0F}.Release|Any CPU.Build.0 = Release|Any CPU
		{8755C13F-B553-442C-91A8-E0B5F33B5A0F}.Release|Any CPU.Deploy.0 = Release|Any CPU
		{8755C13F-B553-442C-91A8-E0B5F33B5A0F}.Release|ARM.ActiveCfg = Release|ARM
		{8755C13F-B553-442C-91A8-E0B5F33B5A0F}.Release|ARM.Build.0 = Release|ARM
		{8755C13F-B553-442C-91A8-E0B5F33B5A0F}.Release|ARM.Deploy.0 = Release|ARM
		{8755C13F-B553-442C-91A8-E0B5F33B5A0F}.Release|iPhone.ActiveCfg = Release|Any CPU
		{8755C13F-B553-442C-91A8-E0B5F33B5A0F}.Release|iPhone.Build.0 = Release|Any CPU
		{8755C13F-B553-442C-91A8-E0B5F33B5A0F}.Release|iPhone.Deploy.0 = Release|Any CPU
		{8755C13F-B553-442C-91A8-E0B5F33B5A0F}.Release|iPhoneSimulator.ActiveCfg = Release|Any CPU
		{8755C13F-B553-442C-91A8-E0B5F33B5A0F}.Release|iPhoneSimulator.Build.0 = Release|Any CPU
		{8755C13F-B553-442C-91A8-E0B5F33B5A0F}.Release|iPhoneSimulator.Deploy.0 = Release|Any CPU
		{8755C13F-B553-442C-91A8-E0B5F33B5A0F}.Release|x64.ActiveCfg = Release|x64
		{8755C13F-B553-442C-91A8-E0B5F33B5A0F}.Release|x64.Build.0 = Release|x64
		{8755C13F-B553-442C-91A8-E0B5F33B5A0F}.Release|x64.Deploy.0 = Release|x64
		{8755C13F-B553-442C-91A8-E0B5F33B5A0F}.Release|x86.ActiveCfg = Release|x86
		{8755C13F-B553-442C-91A8-E0B5F33B5A0F}.Release|x86.Build.0 = Release|x86
		{8755C13F-B553-442C-91A8-E0B5F33B5A0F}.Release|x86.Deploy.0 = Release|x86
	EndGlobalSection
	GlobalSection(SolutionProperties) = preSolution
		HideSolutionNode = FALSE
	EndGlobalSection
EndGlobal
